// !$*UTF8*$!
{
	archiveVersion = 1;
	classes = {
	};
	objectVersion = 46;
	objects = {

/* Begin PBXBuildFile section */
		DB9106EA1CCC243400DA3E7E /* Alamofire.framework in Frameworks */ = {isa = PBXBuildFile; fileRef = DB9106E61CCC243400DA3E7E /* Alamofire.framework */; };
		DB9106EB1CCC243400DA3E7E /* Alamofire.framework in Embed Frameworks */ = {isa = PBXBuildFile; fileRef = DB9106E61CCC243400DA3E7E /* Alamofire.framework */; settings = {ATTRIBUTES = (CodeSignOnCopy, RemoveHeadersOnCopy, ); }; };
		DB9106EC1CCC243400DA3E7E /* Realm.framework in Frameworks */ = {isa = PBXBuildFile; fileRef = DB9106E71CCC243400DA3E7E /* Realm.framework */; };
		DB9106ED1CCC243400DA3E7E /* Realm.framework in Embed Frameworks */ = {isa = PBXBuildFile; fileRef = DB9106E71CCC243400DA3E7E /* Realm.framework */; settings = {ATTRIBUTES = (CodeSignOnCopy, RemoveHeadersOnCopy, ); }; };
		DB9106EE1CCC243400DA3E7E /* RealmSwift.framework in Frameworks */ = {isa = PBXBuildFile; fileRef = DB9106E81CCC243400DA3E7E /* RealmSwift.framework */; };
		DB9106EF1CCC243400DA3E7E /* RealmSwift.framework in Embed Frameworks */ = {isa = PBXBuildFile; fileRef = DB9106E81CCC243400DA3E7E /* RealmSwift.framework */; settings = {ATTRIBUTES = (CodeSignOnCopy, RemoveHeadersOnCopy, ); }; };
		DB9106F01CCC243400DA3E7E /* SwiftyJSON.framework in Frameworks */ = {isa = PBXBuildFile; fileRef = DB9106E91CCC243400DA3E7E /* SwiftyJSON.framework */; };
		DB9106F11CCC243400DA3E7E /* SwiftyJSON.framework in Embed Frameworks */ = {isa = PBXBuildFile; fileRef = DB9106E91CCC243400DA3E7E /* SwiftyJSON.framework */; settings = {ATTRIBUTES = (CodeSignOnCopy, RemoveHeadersOnCopy, ); }; };
		DB9106F31CCC244800DA3E7E /* SwiftyJSON.framework in Frameworks */ = {isa = PBXBuildFile; fileRef = DB9106E91CCC243400DA3E7E /* SwiftyJSON.framework */; };
		DD64C94B1C2B131100960611 /* TVServices.framework in Frameworks */ = {isa = PBXBuildFile; fileRef = DD64C94A1C2B131100960611 /* TVServices.framework */; };
		DD64C94E1C2B131100960611 /* ServiceProvider.swift in Sources */ = {isa = PBXBuildFile; fileRef = DD64C94D1C2B131100960611 /* ServiceProvider.swift */; };
		DD64C9521C2B131100960611 /* WWDC Top Shelf.appex in Embed App Extensions */ = {isa = PBXBuildFile; fileRef = DD64C9481C2B131100960611 /* WWDC Top Shelf.appex */; settings = {ATTRIBUTES = (RemoveHeadersOnCopy, ); }; };
		DD64C95F1C2B135F00960611 /* FeaturedSessionsFetcher.swift in Sources */ = {isa = PBXBuildFile; fileRef = DD64C95E1C2B135F00960611 /* FeaturedSessionsFetcher.swift */; };
		DD8FB55A1C02210A0040FEF6 /* LiveEventObserver.swift in Sources */ = {isa = PBXBuildFile; fileRef = DD8FB5591C02210A0040FEF6 /* LiveEventObserver.swift */; };
		DD8FB5631C02241F0040FEF6 /* PlayerBuilder.swift in Sources */ = {isa = PBXBuildFile; fileRef = DD8FB5621C02241F0040FEF6 /* PlayerBuilder.swift */; };
		DD9A554B1BFE8511004869A4 /* AppDelegate.swift in Sources */ = {isa = PBXBuildFile; fileRef = DD9A554A1BFE8511004869A4 /* AppDelegate.swift */; };
		DD9A554D1BFE8511004869A4 /* VideosViewController.swift in Sources */ = {isa = PBXBuildFile; fileRef = DD9A554C1BFE8511004869A4 /* VideosViewController.swift */; };
		DD9A55501BFE8511004869A4 /* Main.storyboard in Resources */ = {isa = PBXBuildFile; fileRef = DD9A554E1BFE8511004869A4 /* Main.storyboard */; };
		DD9A55521BFE8511004869A4 /* Assets.xcassets in Resources */ = {isa = PBXBuildFile; fileRef = DD9A55511BFE8511004869A4 /* Assets.xcassets */; };
		DDE490261BFF68A3001F157B /* DetailViewController.swift in Sources */ = {isa = PBXBuildFile; fileRef = DDE490251BFF68A3001F157B /* DetailViewController.swift */; };
		DDE490291BFF7BD1001F157B /* Models.swift in Sources */ = {isa = PBXBuildFile; fileRef = DDE490271BFF7BD1001F157B /* Models.swift */; };
		DDE4902A1BFF7BD1001F157B /* WWDCDatabase.swift in Sources */ = {isa = PBXBuildFile; fileRef = DDE490281BFF7BD1001F157B /* WWDCDatabase.swift */; };
/* End PBXBuildFile section */

/* Begin PBXContainerItemProxy section */
		DD64C9501C2B131100960611 /* PBXContainerItemProxy */ = {
			isa = PBXContainerItemProxy;
			containerPortal = DD9A553F1BFE8511004869A4 /* Project object */;
			proxyType = 1;
			remoteGlobalIDString = DD64C9471C2B131100960611;
			remoteInfo = "WWDC Top Shelf";
		};
/* End PBXContainerItemProxy section */

/* Begin PBXCopyFilesBuildPhase section */
		DB9106F21CCC243400DA3E7E /* Embed Frameworks */ = {
			isa = PBXCopyFilesBuildPhase;
			buildActionMask = 2147483647;
			dstPath = "";
			dstSubfolderSpec = 10;
			files = (
				DB9106F11CCC243400DA3E7E /* SwiftyJSON.framework in Embed Frameworks */,
				DB9106ED1CCC243400DA3E7E /* Realm.framework in Embed Frameworks */,
				DB9106EB1CCC243400DA3E7E /* Alamofire.framework in Embed Frameworks */,
				DB9106EF1CCC243400DA3E7E /* RealmSwift.framework in Embed Frameworks */,
			);
			name = "Embed Frameworks";
			runOnlyForDeploymentPostprocessing = 0;
		};
		DD64C95C1C2B131100960611 /* Embed App Extensions */ = {
			isa = PBXCopyFilesBuildPhase;
			buildActionMask = 2147483647;
			dstPath = "";
			dstSubfolderSpec = 13;
			files = (
				DD64C9521C2B131100960611 /* WWDC Top Shelf.appex in Embed App Extensions */,
			);
			name = "Embed App Extensions";
			runOnlyForDeploymentPostprocessing = 0;
		};
/* End PBXCopyFilesBuildPhase section */

/* Begin PBXFileReference section */
		DB9106E61CCC243400DA3E7E /* Alamofire.framework */ = {isa = PBXFileReference; lastKnownFileType = wrapper.framework; name = Alamofire.framework; path = Carthage/Build/tvOS/Alamofire.framework; sourceTree = "<group>"; };
		DB9106E71CCC243400DA3E7E /* Realm.framework */ = {isa = PBXFileReference; lastKnownFileType = wrapper.framework; name = Realm.framework; path = Carthage/Build/tvOS/Realm.framework; sourceTree = "<group>"; };
		DB9106E81CCC243400DA3E7E /* RealmSwift.framework */ = {isa = PBXFileReference; lastKnownFileType = wrapper.framework; name = RealmSwift.framework; path = Carthage/Build/tvOS/RealmSwift.framework; sourceTree = "<group>"; };
		DB9106E91CCC243400DA3E7E /* SwiftyJSON.framework */ = {isa = PBXFileReference; lastKnownFileType = wrapper.framework; name = SwiftyJSON.framework; path = Carthage/Build/tvOS/SwiftyJSON.framework; sourceTree = "<group>"; };
		DD64C9481C2B131100960611 /* WWDC Top Shelf.appex */ = {isa = PBXFileReference; explicitFileType = "wrapper.app-extension"; includeInIndex = 0; path = "WWDC Top Shelf.appex"; sourceTree = BUILT_PRODUCTS_DIR; };
		DD64C94A1C2B131100960611 /* TVServices.framework */ = {isa = PBXFileReference; lastKnownFileType = wrapper.framework; name = TVServices.framework; path = System/Library/Frameworks/TVServices.framework; sourceTree = SDKROOT; };
		DD64C94D1C2B131100960611 /* ServiceProvider.swift */ = {isa = PBXFileReference; lastKnownFileType = sourcecode.swift; path = ServiceProvider.swift; sourceTree = "<group>"; };
		DD64C94F1C2B131100960611 /* Info.plist */ = {isa = PBXFileReference; lastKnownFileType = text.plist.xml; path = Info.plist; sourceTree = "<group>"; };
		DD64C95E1C2B135F00960611 /* FeaturedSessionsFetcher.swift */ = {isa = PBXFileReference; fileEncoding = 4; lastKnownFileType = sourcecode.swift; path = FeaturedSessionsFetcher.swift; sourceTree = "<group>"; };
		DD8FB5591C02210A0040FEF6 /* LiveEventObserver.swift */ = {isa = PBXFileReference; fileEncoding = 4; lastKnownFileType = sourcecode.swift; name = LiveEventObserver.swift; path = WWDC/Core/LiveEventObserver.swift; sourceTree = "<group>"; };
		DD8FB5621C02241F0040FEF6 /* PlayerBuilder.swift */ = {isa = PBXFileReference; fileEncoding = 4; lastKnownFileType = sourcecode.swift; path = PlayerBuilder.swift; sourceTree = "<group>"; };
		DD9A55471BFE8511004869A4 /* WWDC.app */ = {isa = PBXFileReference; explicitFileType = wrapper.application; includeInIndex = 0; path = WWDC.app; sourceTree = BUILT_PRODUCTS_DIR; };
		DD9A554A1BFE8511004869A4 /* AppDelegate.swift */ = {isa = PBXFileReference; lastKnownFileType = sourcecode.swift; path = AppDelegate.swift; sourceTree = "<group>"; };
		DD9A554C1BFE8511004869A4 /* VideosViewController.swift */ = {isa = PBXFileReference; lastKnownFileType = sourcecode.swift; path = VideosViewController.swift; sourceTree = "<group>"; };
		DD9A554F1BFE8511004869A4 /* Base */ = {isa = PBXFileReference; lastKnownFileType = file.storyboard; name = Base; path = Base.lproj/Main.storyboard; sourceTree = "<group>"; };
		DD9A55511BFE8511004869A4 /* Assets.xcassets */ = {isa = PBXFileReference; lastKnownFileType = folder.assetcatalog; path = Assets.xcassets; sourceTree = "<group>"; };
		DD9A55531BFE8511004869A4 /* Info.plist */ = {isa = PBXFileReference; lastKnownFileType = text.plist.xml; path = Info.plist; sourceTree = "<group>"; };
		DDE490251BFF68A3001F157B /* DetailViewController.swift */ = {isa = PBXFileReference; fileEncoding = 4; lastKnownFileType = sourcecode.swift; path = DetailViewController.swift; sourceTree = "<group>"; };
		DDE490271BFF7BD1001F157B /* Models.swift */ = {isa = PBXFileReference; fileEncoding = 4; lastKnownFileType = sourcecode.swift; name = Models.swift; path = WWDC/Core/Models.swift; sourceTree = "<group>"; };
		DDE490281BFF7BD1001F157B /* WWDCDatabase.swift */ = {isa = PBXFileReference; fileEncoding = 4; lastKnownFileType = sourcecode.swift; name = WWDCDatabase.swift; path = WWDC/Core/WWDCDatabase.swift; sourceTree = "<group>"; };
/* End PBXFileReference section */

/* Begin PBXFrameworksBuildPhase section */
		DD64C9451C2B131100960611 /* Frameworks */ = {
			isa = PBXFrameworksBuildPhase;
			buildActionMask = 2147483647;
			files = (
				DD64C94B1C2B131100960611 /* TVServices.framework in Frameworks */,
				DB9106F31CCC244800DA3E7E /* SwiftyJSON.framework in Frameworks */,
			);
			runOnlyForDeploymentPostprocessing = 0;
		};
		DD9A55441BFE8511004869A4 /* Frameworks */ = {
			isa = PBXFrameworksBuildPhase;
			buildActionMask = 2147483647;
			files = (
				DB9106F01CCC243400DA3E7E /* SwiftyJSON.framework in Frameworks */,
				DB9106EC1CCC243400DA3E7E /* Realm.framework in Frameworks */,
				DB9106EA1CCC243400DA3E7E /* Alamofire.framework in Frameworks */,
				DB9106EE1CCC243400DA3E7E /* RealmSwift.framework in Frameworks */,
			);
			runOnlyForDeploymentPostprocessing = 0;
		};
/* End PBXFrameworksBuildPhase section */

/* Begin PBXGroup section */
		DD64C9491C2B131100960611 /* Frameworks */ = {
			isa = PBXGroup;
			children = (
				DB9106E61CCC243400DA3E7E /* Alamofire.framework */,
				DB9106E71CCC243400DA3E7E /* Realm.framework */,
				DB9106E81CCC243400DA3E7E /* RealmSwift.framework */,
				DB9106E91CCC243400DA3E7E /* SwiftyJSON.framework */,
				DD64C94A1C2B131100960611 /* TVServices.framework */,
			);
			name = Frameworks;
			sourceTree = "<group>";
		};
		DD64C94C1C2B131100960611 /* WWDC Top Shelf */ = {
			isa = PBXGroup;
			children = (
				DD64C95D1C2B134C00960611 /* Service */,
				DD64C94D1C2B131100960611 /* ServiceProvider.swift */,
				DD64C94F1C2B131100960611 /* Info.plist */,
			);
			path = "WWDC Top Shelf";
			sourceTree = "<group>";
		};
		DD64C95D1C2B134C00960611 /* Service */ = {
			isa = PBXGroup;
			children = (
				DD64C95E1C2B135F00960611 /* FeaturedSessionsFetcher.swift */,
			);
			name = Service;
			sourceTree = "<group>";
		};
		DD8FB5611C02240A0040FEF6 /* Helpers */ = {
			isa = PBXGroup;
			children = (
				DD8FB5621C02241F0040FEF6 /* PlayerBuilder.swift */,
			);
			name = Helpers;
			sourceTree = "<group>";
		};
		DD9A553E1BFE8511004869A4 = {
			isa = PBXGroup;
			children = (
				DDE48FF11BFF61FE001F157B /* Shared */,
				DD9A55491BFE8511004869A4 /* WWDC */,
				DD64C94C1C2B131100960611 /* WWDC Top Shelf */,
				DD64C9491C2B131100960611 /* Frameworks */,
				DD9A55481BFE8511004869A4 /* Products */,
			);
			sourceTree = "<group>";
		};
		DD9A55481BFE8511004869A4 /* Products */ = {
			isa = PBXGroup;
			children = (
				DD9A55471BFE8511004869A4 /* WWDC.app */,
				DD64C9481C2B131100960611 /* WWDC Top Shelf.appex */,
			);
			name = Products;
			sourceTree = "<group>";
		};
		DD9A55491BFE8511004869A4 /* WWDC */ = {
			isa = PBXGroup;
			children = (
				DD8FB5611C02240A0040FEF6 /* Helpers */,
				DDE490241BFF688C001F157B /* Controllers */,
				DD9A554A1BFE8511004869A4 /* AppDelegate.swift */,
				DD9A554E1BFE8511004869A4 /* Main.storyboard */,
				DD9A55511BFE8511004869A4 /* Assets.xcassets */,
				DD9A55531BFE8511004869A4 /* Info.plist */,
			);
			path = WWDC;
			sourceTree = "<group>";
		};
		DDE48FF11BFF61FE001F157B /* Shared */ = {
			isa = PBXGroup;
			children = (
				DD8FB5591C02210A0040FEF6 /* LiveEventObserver.swift */,
				DDE490271BFF7BD1001F157B /* Models.swift */,
				DDE490281BFF7BD1001F157B /* WWDCDatabase.swift */,
			);
			name = Shared;
			sourceTree = "<group>";
		};
		DDE490241BFF688C001F157B /* Controllers */ = {
			isa = PBXGroup;
			children = (
				DD9A554C1BFE8511004869A4 /* VideosViewController.swift */,
				DDE490251BFF68A3001F157B /* DetailViewController.swift */,
			);
			name = Controllers;
			sourceTree = "<group>";
		};
/* End PBXGroup section */

/* Begin PBXNativeTarget section */
		DD64C9471C2B131100960611 /* WWDC Top Shelf */ = {
			isa = PBXNativeTarget;
			buildConfigurationList = DD64C95B1C2B131100960611 /* Build configuration list for PBXNativeTarget "WWDC Top Shelf" */;
			buildPhases = (
				DD64C9441C2B131100960611 /* Sources */,
				DD64C9451C2B131100960611 /* Frameworks */,
				DD64C9461C2B131100960611 /* Resources */,
			);
			buildRules = (
			);
			dependencies = (
			);
			name = "WWDC Top Shelf";
			productName = "WWDC Top Shelf";
			productReference = DD64C9481C2B131100960611 /* WWDC Top Shelf.appex */;
			productType = "com.apple.product-type.tv-app-extension";
		};
		DD9A55461BFE8511004869A4 /* WWDC */ = {
			isa = PBXNativeTarget;
			buildConfigurationList = DD9A55561BFE8511004869A4 /* Build configuration list for PBXNativeTarget "WWDC" */;
			buildPhases = (
				DD9A55431BFE8511004869A4 /* Sources */,
				DD9A55441BFE8511004869A4 /* Frameworks */,
				DD9A55451BFE8511004869A4 /* Resources */,
				DD64C95C1C2B131100960611 /* Embed App Extensions */,
				DB9106E51CCC23C900DA3E7E /* ShellScript */,
				DB9106F21CCC243400DA3E7E /* Embed Frameworks */,
			);
			buildRules = (
			);
			dependencies = (
				DD64C9511C2B131100960611 /* PBXTargetDependency */,
			);
			name = WWDC;
			productName = WWDC;
			productReference = DD9A55471BFE8511004869A4 /* WWDC.app */;
			productType = "com.apple.product-type.application";
		};
/* End PBXNativeTarget section */

/* Begin PBXProject section */
		DD9A553F1BFE8511004869A4 /* Project object */ = {
			isa = PBXProject;
			attributes = {
				LastSwiftUpdateCheck = 0720;
				LastUpgradeCheck = 0710;
				ORGANIZATIONNAME = "Guilherme Rambo";
				TargetAttributes = {
					DD64C9471C2B131100960611 = {
						CreatedOnToolsVersion = 7.2;
						DevelopmentTeam = 8C7439RJLG;
					};
					DD9A55461BFE8511004869A4 = {
						CreatedOnToolsVersion = 7.1.1;
						DevelopmentTeam = 8C7439RJLG;
					};
				};
			};
			buildConfigurationList = DD9A55421BFE8511004869A4 /* Build configuration list for PBXProject "WWDC" */;
			compatibilityVersion = "Xcode 3.2";
			developmentRegion = English;
			hasScannedForEncodings = 0;
			knownRegions = (
				en,
				Base,
			);
			mainGroup = DD9A553E1BFE8511004869A4;
			productRefGroup = DD9A55481BFE8511004869A4 /* Products */;
			projectDirPath = "";
			projectRoot = "";
			targets = (
				DD9A55461BFE8511004869A4 /* WWDC */,
				DD64C9471C2B131100960611 /* WWDC Top Shelf */,
			);
		};
/* End PBXProject section */

/* Begin PBXResourcesBuildPhase section */
		DD64C9461C2B131100960611 /* Resources */ = {
			isa = PBXResourcesBuildPhase;
			buildActionMask = 2147483647;
			files = (
			);
			runOnlyForDeploymentPostprocessing = 0;
		};
		DD9A55451BFE8511004869A4 /* Resources */ = {
			isa = PBXResourcesBuildPhase;
			buildActionMask = 2147483647;
			files = (
				DD9A55521BFE8511004869A4 /* Assets.xcassets in Resources */,
				DD9A55501BFE8511004869A4 /* Main.storyboard in Resources */,
			);
			runOnlyForDeploymentPostprocessing = 0;
		};
/* End PBXResourcesBuildPhase section */

/* Begin PBXShellScriptBuildPhase section */
		DB9106E51CCC23C900DA3E7E /* ShellScript */ = {
			isa = PBXShellScriptBuildPhase;
			buildActionMask = 2147483647;
			files = (
			);
			inputPaths = (
				"$(SRCROOT)/Carthage/Build/tvOS/Alamofire.framework",
				"$(SRCROOT)/Carthage/Build/tvOS/Realm.framework",
				"$(SRCROOT)/Carthage/Build/tvOS/RealmSwift.framework",
				"$(SRCROOT)/Carthage/Build/tvOS/SwiftyJSON.framework",
			);
			outputPaths = (
			);
			runOnlyForDeploymentPostprocessing = 0;
			shellPath = /bin/sh;
			shellScript = "/usr/local/bin/carthage copy-frameworks\n";
		};
/* End PBXShellScriptBuildPhase section */

/* Begin PBXSourcesBuildPhase section */
		DD64C9441C2B131100960611 /* Sources */ = {
			isa = PBXSourcesBuildPhase;
			buildActionMask = 2147483647;
			files = (
				DD64C95F1C2B135F00960611 /* FeaturedSessionsFetcher.swift in Sources */,
				DD64C94E1C2B131100960611 /* ServiceProvider.swift in Sources */,
			);
			runOnlyForDeploymentPostprocessing = 0;
		};
		DD9A55431BFE8511004869A4 /* Sources */ = {
			isa = PBXSourcesBuildPhase;
			buildActionMask = 2147483647;
			files = (
				DD9A554D1BFE8511004869A4 /* VideosViewController.swift in Sources */,
				DD8FB55A1C02210A0040FEF6 /* LiveEventObserver.swift in Sources */,
				DD8FB5631C02241F0040FEF6 /* PlayerBuilder.swift in Sources */,
				DDE4902A1BFF7BD1001F157B /* WWDCDatabase.swift in Sources */,
				DD9A554B1BFE8511004869A4 /* AppDelegate.swift in Sources */,
				DDE490261BFF68A3001F157B /* DetailViewController.swift in Sources */,
				DDE490291BFF7BD1001F157B /* Models.swift in Sources */,
			);
			runOnlyForDeploymentPostprocessing = 0;
		};
/* End PBXSourcesBuildPhase section */

/* Begin PBXTargetDependency section */
		DD64C9511C2B131100960611 /* PBXTargetDependency */ = {
			isa = PBXTargetDependency;
			target = DD64C9471C2B131100960611 /* WWDC Top Shelf */;
			targetProxy = DD64C9501C2B131100960611 /* PBXContainerItemProxy */;
		};
/* End PBXTargetDependency section */

/* Begin PBXVariantGroup section */
		DD9A554E1BFE8511004869A4 /* Main.storyboard */ = {
			isa = PBXVariantGroup;
			children = (
				DD9A554F1BFE8511004869A4 /* Base */,
			);
			name = Main.storyboard;
			sourceTree = "<group>";
		};
/* End PBXVariantGroup section */

/* Begin XCBuildConfiguration section */
		DD64C9531C2B131100960611 /* Debug */ = {
			isa = XCBuildConfiguration;
			buildSettings = {
				CODE_SIGN_IDENTITY = "iPhone Developer";
				INFOPLIST_FILE = "WWDC Top Shelf/Info.plist";
				LD_RUNPATH_SEARCH_PATHS = "$(inherited) @executable_path/Frameworks @executable_path/../../Frameworks";
				PRODUCT_BUNDLE_IDENTIFIER = "br.com.guilhermerambo.WWDC-TV.WWDC-Top-Shelf";
				PRODUCT_NAME = "$(TARGET_NAME)";
				SKIP_INSTALL = YES;
				TVOS_DEPLOYMENT_TARGET = 9.1;
			};
			name = Debug;
		};
		DD64C9541C2B131100960611 /* Release */ = {
			isa = XCBuildConfiguration;
			buildSettings = {
				CODE_SIGN_IDENTITY = "iPhone Distribution: GUILHERME RAMBO (8C7439RJLG)";
				INFOPLIST_FILE = "WWDC Top Shelf/Info.plist";
				LD_RUNPATH_SEARCH_PATHS = "$(inherited) @executable_path/Frameworks @executable_path/../../Frameworks";
				PRODUCT_BUNDLE_IDENTIFIER = "br.com.guilhermerambo.WWDC-TV.WWDC-Top-Shelf";
				PRODUCT_NAME = "$(TARGET_NAME)";
				SKIP_INSTALL = YES;
				TVOS_DEPLOYMENT_TARGET = 9.1;
			};
			name = Release;
		};
		DD9A55541BFE8511004869A4 /* Debug */ = {
			isa = XCBuildConfiguration;
			buildSettings = {
				ALWAYS_SEARCH_USER_PATHS = NO;
				CLANG_CXX_LANGUAGE_STANDARD = "gnu++0x";
				CLANG_CXX_LIBRARY = "libc++";
				CLANG_ENABLE_MODULES = YES;
				CLANG_ENABLE_OBJC_ARC = YES;
				CLANG_WARN_BOOL_CONVERSION = YES;
				CLANG_WARN_CONSTANT_CONVERSION = YES;
				CLANG_WARN_DIRECT_OBJC_ISA_USAGE = YES_ERROR;
				CLANG_WARN_EMPTY_BODY = YES;
				CLANG_WARN_ENUM_CONVERSION = YES;
				CLANG_WARN_INT_CONVERSION = YES;
				CLANG_WARN_OBJC_ROOT_CLASS = YES_ERROR;
				CLANG_WARN_UNREACHABLE_CODE = YES;
				CLANG_WARN__DUPLICATE_METHOD_MATCH = YES;
				COPY_PHASE_STRIP = NO;
				DEBUG_INFORMATION_FORMAT = dwarf;
				ENABLE_STRICT_OBJC_MSGSEND = YES;
				ENABLE_TESTABILITY = YES;
				FRAMEWORK_SEARCH_PATHS = (
					"$(inherited)",
					"$(PROJECT_DIR)/Carthage/Build/tvOS",
				);
				GCC_C_LANGUAGE_STANDARD = gnu99;
				GCC_DYNAMIC_NO_PIC = NO;
				GCC_NO_COMMON_BLOCKS = YES;
				GCC_OPTIMIZATION_LEVEL = 0;
				GCC_PREPROCESSOR_DEFINITIONS = (
					"DEBUG=1",
					"$(inherited)",
				);
				GCC_WARN_64_TO_32_BIT_CONVERSION = YES;
				GCC_WARN_ABOUT_RETURN_TYPE = YES_ERROR;
				GCC_WARN_UNDECLARED_SELECTOR = YES;
				GCC_WARN_UNINITIALIZED_AUTOS = YES_AGGRESSIVE;
				GCC_WARN_UNUSED_FUNCTION = YES;
				GCC_WARN_UNUSED_VARIABLE = YES;
				LD_NO_PIE = NO;
				MTL_ENABLE_DEBUG_INFO = YES;
				ONLY_ACTIVE_ARCH = YES;
				SDKROOT = appletvos;
				SWIFT_OPTIMIZATION_LEVEL = "-Onone";
				TARGETED_DEVICE_FAMILY = 3;
				TVOS_DEPLOYMENT_TARGET = 9.0;
			};
			name = Debug;
		};
		DD9A55551BFE8511004869A4 /* Release */ = {
			isa = XCBuildConfiguration;
			buildSettings = {
				ALWAYS_SEARCH_USER_PATHS = NO;
				CLANG_CXX_LANGUAGE_STANDARD = "gnu++0x";
				CLANG_CXX_LIBRARY = "libc++";
				CLANG_ENABLE_MODULES = YES;
				CLANG_ENABLE_OBJC_ARC = YES;
				CLANG_WARN_BOOL_CONVERSION = YES;
				CLANG_WARN_CONSTANT_CONVERSION = YES;
				CLANG_WARN_DIRECT_OBJC_ISA_USAGE = YES_ERROR;
				CLANG_WARN_EMPTY_BODY = YES;
				CLANG_WARN_ENUM_CONVERSION = YES;
				CLANG_WARN_INT_CONVERSION = YES;
				CLANG_WARN_OBJC_ROOT_CLASS = YES_ERROR;
				CLANG_WARN_UNREACHABLE_CODE = YES;
				CLANG_WARN__DUPLICATE_METHOD_MATCH = YES;
				COPY_PHASE_STRIP = NO;
				DEBUG_INFORMATION_FORMAT = "dwarf-with-dsym";
				ENABLE_NS_ASSERTIONS = NO;
				ENABLE_STRICT_OBJC_MSGSEND = YES;
				FRAMEWORK_SEARCH_PATHS = (
					"$(inherited)",
					"$(PROJECT_DIR)/Carthage/Build/tvOS",
				);
				GCC_C_LANGUAGE_STANDARD = gnu99;
				GCC_DYNAMIC_NO_PIC = NO;
				GCC_NO_COMMON_BLOCKS = YES;
				GCC_WARN_64_TO_32_BIT_CONVERSION = YES;
				GCC_WARN_ABOUT_RETURN_TYPE = YES_ERROR;
				GCC_WARN_UNDECLARED_SELECTOR = YES;
				GCC_WARN_UNINITIALIZED_AUTOS = YES_AGGRESSIVE;
				GCC_WARN_UNUSED_FUNCTION = YES;
				GCC_WARN_UNUSED_VARIABLE = YES;
				LD_NO_PIE = NO;
				MTL_ENABLE_DEBUG_INFO = NO;
				SDKROOT = appletvos;
				TARGETED_DEVICE_FAMILY = 3;
				TVOS_DEPLOYMENT_TARGET = 9.0;
				VALIDATE_PRODUCT = YES;
			};
			name = Release;
		};
		DD9A55571BFE8511004869A4 /* Debug */ = {
			isa = XCBuildConfiguration;
			buildSettings = {
				ASSETCATALOG_COMPILER_APPICON_NAME = "App Icon & Top Shelf Image";
				ASSETCATALOG_COMPILER_LAUNCHIMAGE_NAME = LaunchImage;
				CODE_SIGN_IDENTITY = "iPhone Developer";
				EMBEDDED_CONTENT_CONTAINS_SWIFT = YES;
				INFOPLIST_FILE = WWDC/Info.plist;
				LD_RUNPATH_SEARCH_PATHS = "$(inherited) @executable_path/Frameworks";
				PRODUCT_BUNDLE_IDENTIFIER = "br.com.guilhermerambo.WWDC-TV";
				PRODUCT_NAME = "$(TARGET_NAME)";
			};
			name = Debug;
		};
		DD9A55581BFE8511004869A4 /* Release */ = {
			isa = XCBuildConfiguration;
			buildSettings = {
				ASSETCATALOG_COMPILER_APPICON_NAME = "App Icon & Top Shelf Image";
				ASSETCATALOG_COMPILER_LAUNCHIMAGE_NAME = LaunchImage;
				CODE_SIGN_IDENTITY = "iPhone Distribution: GUILHERME RAMBO (8C7439RJLG)";
				EMBEDDED_CONTENT_CONTAINS_SWIFT = YES;
				INFOPLIST_FILE = WWDC/Info.plist;
				LD_RUNPATH_SEARCH_PATHS = "$(inherited) @executable_path/Frameworks";
				PRODUCT_BUNDLE_IDENTIFIER = "br.com.guilhermerambo.WWDC-TV";
				PRODUCT_NAME = "$(TARGET_NAME)";
				PROVISIONING_PROFILE = "b3904f02-b140-458e-a04f-edca5af24abe";
			};
			name = Release;
		};
/* End XCBuildConfiguration section */

/* Begin XCConfigurationList section */
		DD64C95B1C2B131100960611 /* Build configuration list for PBXNativeTarget "WWDC Top Shelf" */ = {
			isa = XCConfigurationList;
			buildConfigurations = (
				DD64C9531C2B131100960611 /* Debug */,
				DD64C9541C2B131100960611 /* Release */,
			);
			defaultConfigurationIsVisible = 0;
			defaultConfigurationName = Release;
		};
		DD9A55421BFE8511004869A4 /* Build configuration list for PBXProject "WWDC" */ = {
			isa = XCConfigurationList;
			buildConfigurations = (
				DD9A55541BFE8511004869A4 /* Debug */,
				DD9A55551BFE8511004869A4 /* Release */,
			);
			defaultConfigurationIsVisible = 0;
			defaultConfigurationName = Release;
		};
		DD9A55561BFE8511004869A4 /* Build configuration list for PBXNativeTarget "WWDC" */ = {
			isa = XCConfigurationList;
			buildConfigurations = (
				DD9A55571BFE8511004869A4 /* Debug */,
				DD9A55581BFE8511004869A4 /* Release */,
			);
			defaultConfigurationIsVisible = 0;
			defaultConfigurationName = Release;
		};
/* End XCConfigurationList section */
	};
	rootObject = DD9A553F1BFE8511004869A4 /* Project object */;
}
